
Microsoft Visual Studio Solution File, Format Version 12.00
# Visual Studio 2012
Project("{FAE04EC0-301F-11D3-BF4B-00C04F79EFBC}") = "HistoricalQuoteServiceLib", "HistoricalQuoteServiceLib\HistoricalQuoteServiceLib.csproj", "{15B3E0D2-6217-493A-A690-158C497F5318}"
EndProject
Project("{FAE04EC0-301F-11D3-BF4B-00C04F79EFBC}") = "HistoricalQuoteConsole", "HistoricalQuoteConsole\HistoricalQuoteConsole.csproj", "{3B34A620-77BB-43B2-BDB3-263311645F33}"
EndProject
Project("{FAE04EC0-301F-11D3-BF4B-00C04F79EFBC}") = "HistoricalQuoteClient", "HistoricalQuoteClient\HistoricalQuoteClient.csproj", "{14E76C62-E0E6-4C71-B154-15EED1A2D5AC}"
EndProject
Project("{6141683F-8A12-4E36-9623-2EB02B2C2303}") = "HistoricalQuoteServiceSetup", "HistoricalQuoteServiceSetup\HistoricalQuoteServiceSetup.isproj", "{D9639C73-5158-4D63-90E8-DC8036FAAC55}"
	ProjectSection(ProjectDependencies) = postProject
		{3B34A620-77BB-43B2-BDB3-263311645F33} = {3B34A620-77BB-43B2-BDB3-263311645F33}
	EndProjectSection
EndProject
Project("{00D1A9C2-B5F0-4AF3-8072-F6C62B433612}") = "HistoricalQuoteSqlCLR", "HistoricalQuoteSqlCLR\HistoricalQuoteSqlCLR.sqlproj", "{B896884F-77FF-4A7D-BCD3-EB50D4E9949F}"
EndProject
Project("{FAE04EC0-301F-11D3-BF4B-00C04F79EFBC}") = "HistoricalQuoteClientLib", "HistoricalQuoteClientLib\HistoricalQuoteClientLib.csproj", "{079F0BC3-14D7-412E-AA3D-31646F71EE47}"
EndProject
Project("{FAE04EC0-301F-11D3-BF4B-00C04F79EFBC}") = "HistoricalQuoteWebService", "HistoricalQuoteWebService\HistoricalQuoteWebService.csproj", "{2E1079FC-093B-41A0-90F7-69666A9B58EB}"
EndProject
Global
	GlobalSection(SolutionConfigurationPlatforms) = preSolution
		CD_ROM|Any CPU = CD_ROM|Any CPU
		Debug|Any CPU = Debug|Any CPU
		DVD-5|Any CPU = DVD-5|Any CPU
		Release|Any CPU = Release|Any CPU
		SingleImage|Any CPU = SingleImage|Any CPU
	EndGlobalSection
	GlobalSection(ProjectConfigurationPlatforms) = postSolution
		{15B3E0D2-6217-493A-A690-158C497F5318}.CD_ROM|Any CPU.ActiveCfg = Release|Any CPU
		{15B3E0D2-6217-493A-A690-158C497F5318}.CD_ROM|Any CPU.Build.0 = Release|Any CPU
		{15B3E0D2-6217-493A-A690-158C497F5318}.Debug|Any CPU.ActiveCfg = Debug|Any CPU
		{15B3E0D2-6217-493A-A690-158C497F5318}.Debug|Any CPU.Build.0 = Debug|Any CPU
		{15B3E0D2-6217-493A-A690-158C497F5318}.DVD-5|Any CPU.ActiveCfg = Debug|Any CPU
		{15B3E0D2-6217-493A-A690-158C497F5318}.DVD-5|Any CPU.Build.0 = Debug|Any CPU
		{15B3E0D2-6217-493A-A690-158C497F5318}.Release|Any CPU.ActiveCfg = Release|Any CPU
		{15B3E0D2-6217-493A-A690-158C497F5318}.Release|Any CPU.Build.0 = Release|Any CPU
		{15B3E0D2-6217-493A-A690-158C497F5318}.SingleImage|Any CPU.ActiveCfg = Release|Any CPU
		{15B3E0D2-6217-493A-A690-158C497F5318}.SingleImage|Any CPU.Build.0 = Release|Any CPU
		{3B34A620-77BB-43B2-BDB3-263311645F33}.CD_ROM|Any CPU.ActiveCfg = Release|Any CPU
		{3B34A620-77BB-43B2-BDB3-263311645F33}.CD_ROM|Any CPU.Build.0 = Release|Any CPU
		{3B34A620-77BB-43B2-BDB3-263311645F33}.Debug|Any CPU.ActiveCfg = Debug|Any CPU
		{3B34A620-77BB-43B2-BDB3-263311645F33}.Debug|Any CPU.Build.0 = Debug|Any CPU
		{3B34A620-77BB-43B2-BDB3-263311645F33}.DVD-5|Any CPU.ActiveCfg = Debug|Any CPU
		{3B34A620-77BB-43B2-BDB3-263311645F33}.DVD-5|Any CPU.Build.0 = Debug|Any CPU
		{3B34A620-77BB-43B2-BDB3-263311645F33}.Release|Any CPU.ActiveCfg = Release|Any CPU
		{3B34A620-77BB-43B2-BDB3-263311645F33}.Release|Any CPU.Build.0 = Release|Any CPU
		{3B34A620-77BB-43B2-BDB3-263311645F33}.SingleImage|Any CPU.ActiveCfg = Release|Any CPU
		{3B34A620-77BB-43B2-BDB3-263311645F33}.SingleImage|Any CPU.Build.0 = Release|Any CPU
		{14E76C62-E0E6-4C71-B154-15EED1A2D5AC}.CD_ROM|Any CPU.ActiveCfg = Release|Any CPU
		{14E76C62-E0E6-4C71-B154-15EED1A2D5AC}.CD_ROM|Any CPU.Build.0 = Release|Any CPU
		{14E76C62-E0E6-4C71-B154-15EED1A2D5AC}.Debug|Any CPU.ActiveCfg = Debug|Any CPU
		{14E76C62-E0E6-4C71-B154-15EED1A2D5AC}.Debug|Any CPU.Build.0 = Debug|Any CPU
		{14E76C62-E0E6-4C71-B154-15EED1A2D5AC}.DVD-5|Any CPU.ActiveCfg = Debug|Any CPU
		{14E76C62-E0E6-4C71-B154-15EED1A2D5AC}.DVD-5|Any CPU.Build.0 = Debug|Any CPU
		{14E76C62-E0E6-4C71-B154-15EED1A2D5AC}.Release|Any CPU.ActiveCfg = Release|Any CPU
		{14E76C62-E0E6-4C71-B154-15EED1A2D5AC}.Release|Any CPU.Build.0 = Release|Any CPU
		{14E76C62-E0E6-4C71-B154-15EED1A2D5AC}.SingleImage|Any CPU.ActiveCfg = Release|Any CPU
		{14E76C62-E0E6-4C71-B154-15EED1A2D5AC}.SingleImage|Any CPU.Build.0 = Release|Any CPU
		{D9639C73-5158-4D63-90E8-DC8036FAAC55}.CD_ROM|Any CPU.ActiveCfg = CD_ROM
		{D9639C73-5158-4D63-90E8-DC8036FAAC55}.CD_ROM|Any CPU.Build.0 = CD_ROM
		{D9639C73-5158-4D63-90E8-DC8036FAAC55}.Debug|Any CPU.ActiveCfg = DVD-5
		{D9639C73-5158-4D63-90E8-DC8036FAAC55}.Debug|Any CPU.Build.0 = DVD-5
		{D9639C73-5158-4D63-90E8-DC8036FAAC55}.DVD-5|Any CPU.ActiveCfg = DVD-5
		{D9639C73-5158-4D63-90E8-DC8036FAAC55}.DVD-5|Any CPU.Build.0 = DVD-5
		{D9639C73-5158-4D63-90E8-DC8036FAAC55}.Release|Any CPU.ActiveCfg = SingleImage
		{D9639C73-5158-4D63-90E8-DC8036FAAC55}.Release|Any CPU.Build.0 = SingleImage
		{D9639C73-5158-4D63-90E8-DC8036FAAC55}.SingleImage|Any CPU.ActiveCfg = SingleImage
		{D9639C73-5158-4D63-90E8-DC8036FAAC55}.SingleImage|Any CPU.Build.0 = SingleImage
		{B896884F-77FF-4A7D-BCD3-EB50D4E9949F}.CD_ROM|Any CPU.ActiveCfg = Debug|Any CPU
		{B896884F-77FF-4A7D-BCD3-EB50D4E9949F}.CD_ROM|Any CPU.Build.0 = Debug|Any CPU
		{B896884F-77FF-4A7D-BCD3-EB50D4E9949F}.CD_ROM|Any CPU.Deploy.0 = Debug|Any CPU
		{B896884F-77FF-4A7D-BCD3-EB50D4E9949F}.Debug|Any CPU.ActiveCfg = Debug|Any CPU
		{B896884F-77FF-4A7D-BCD3-EB50D4E9949F}.Debug|Any CPU.Build.0 = Debug|Any CPU
		{B896884F-77FF-4A7D-BCD3-EB50D4E9949F}.Debug|Any CPU.Deploy.0 = Debug|Any CPU
		{B896884F-77FF-4A7D-BCD3-EB50D4E9949F}.DVD-5|Any CPU.ActiveCfg = Debug|Any CPU
		{B896884F-77FF-4A7D-BCD3-EB50D4E9949F}.DVD-5|Any CPU.Build.0 = Debug|Any CPU
		{B896884F-77FF-4A7D-BCD3-EB50D4E9949F}.DVD-5|Any CPU.Deploy.0 = Debug|Any CPU
		{B896884F-77FF-4A7D-BCD3-EB50D4E9949F}.Release|Any CPU.ActiveCfg = Release|Any CPU
		{B896884F-77FF-4A7D-BCD3-EB50D4E9949F}.Release|Any CPU.Build.0 = Release|Any CPU
		{B896884F-77FF-4A7D-BCD3-EB50D4E9949F}.Release|Any CPU.Deploy.0 = Release|Any CPU
		{B896884F-77FF-4A7D-BCD3-EB50D4E9949F}.SingleImage|Any CPU.ActiveCfg = Debug|Any CPU
		{B896884F-77FF-4A7D-BCD3-EB50D4E9949F}.SingleImage|Any CPU.Build.0 = Debug|Any CPU
		{B896884F-77FF-4A7D-BCD3-EB50D4E9949F}.SingleImage|Any CPU.Deploy.0 = Debug|Any CPU
		{079F0BC3-14D7-412E-AA3D-31646F71EE47}.CD_ROM|Any CPU.ActiveCfg = Release|Any CPU
		{079F0BC3-14D7-412E-AA3D-31646F71EE47}.CD_ROM|Any CPU.Build.0 = Release|Any CPU
		{079F0BC3-14D7-412E-AA3D-31646F71EE47}.Debug|Any CPU.ActiveCfg = Debug|Any CPU
		{079F0BC3-14D7-412E-AA3D-31646F71EE47}.Debug|Any CPU.Build.0 = Debug|Any CPU
		{079F0BC3-14D7-412E-AA3D-31646F71EE47}.DVD-5|Any CPU.ActiveCfg = Debug|Any CPU
		{079F0BC3-14D7-412E-AA3D-31646F71EE47}.DVD-5|Any CPU.Build.0 = Debug|Any CPU
		{079F0BC3-14D7-412E-AA3D-31646F71EE47}.Release|Any CPU.ActiveCfg = Release|Any CPU
		{079F0BC3-14D7-412E-AA3D-31646F71EE47}.Release|Any CPU.Build.0 = Release|Any CPU
		{079F0BC3-14D7-412E-AA3D-31646F71EE47}.SingleImage|Any CPU.ActiveCfg = Release|Any CPU
		{079F0BC3-14D7-412E-AA3D-31646F71EE47}.SingleImage|Any CPU.Build.0 = Release|Any CPU
		{2E1079FC-093B-41A0-90F7-69666A9B58EB}.CD_ROM|Any CPU.ActiveCfg = Release|Any CPU
		{2E1079FC-093B-41A0-90F7-69666A9B58EB}.CD_ROM|Any CPU.Build.0 = Release|Any CPU
		{2E1079FC-093B-41A0-90F7-69666A9B58EB}.Debug|Any CPU.ActiveCfg = Debug|Any CPU
		{2E1079FC-093B-41A0-90F7-69666A9B58EB}.Debug|Any CPU.Build.0 = Debug|Any CPU
		{2E1079FC-093B-41A0-90F7-69666A9B58EB}.DVD-5|Any CPU.ActiveCfg = Debug|Any CPU
		{2E1079FC-093B-41A0-90F7-69666A9B58EB}.DVD-5|Any CPU.Build.0 = Debug|Any CPU
		{2E1079FC-093B-41A0-90F7-69666A9B58EB}.Release|Any CPU.ActiveCfg = Release|Any CPU
		{2E1079FC-093B-41A0-90F7-69666A9B58EB}.Release|Any CPU.Build.0 = Release|Any CPU
		{2E1079FC-093B-41A0-90F7-69666A9B58EB}.SingleImage|Any CPU.ActiveCfg = Release|Any CPU
		{2E1079FC-093B-41A0-90F7-69666A9B58EB}.SingleImage|Any CPU.Build.0 = Release|Any CPU
	EndGlobalSection
	GlobalSection(SolutionProperties) = preSolution
		HideSolutionNode = FALSE
	EndGlobalSection
EndGlobal
